
Microsoft Visual Studio Solution File, Format Version 12.00
# Visual Studio 15
VisualStudioVersion = 15.0.27703.2035
MinimumVisualStudioVersion = 10.0.40219.1
Project("{FAE04EC0-301F-11D3-BF4B-00C04F79EFBC}") = "Sc2ApiUpdater", "Sc2ApiUpdater\Sc2ApiUpdater.csproj", "{465D302F-324F-4BC6-A5B1-827D45D175D6}"
EndProject
Global
	GlobalSection(SolutionConfigurationPlatforms) = preSolution
		Debug|Any CPU = Debug|Any CPU
		Release|Any CPU = Release|Any CPU
	EndGlobalSection
	GlobalSection(ProjectConfigurationPlatforms) = postSolution
		{465D302F-324F-4BC6-A5B1-827D45D175D6}.Debug|Any CPU.ActiveCfg = Debug|Any CPU
		{465D302F-324F-4BC6-A5B1-827D45D175D6}.Debug|Any CPU.Build.0 = Debug|Any CPU
		{465D302F-324F-4BC6-A5B1-827D45D175D6}.Release|Any CPU.ActiveCfg = Release|Any CPU
		{465D302F-324F-4BC6-A5B1-827D45D175D6}.Release|Any CPU.Build.0 = Release|Any CPU
	EndGlobalSection
	GlobalSection(SolutionProperties) = preSolution
		HideSolutionNode = FALSE
	EndGlobalSection
	GlobalSection(ExtensibilityGlobals) = postSolution
		SolutionGuid = {8B947BF5-4730-48BC-8B45-A42DD0B3F104}
	EndGlobalSection
EndGlobal
